
Microsoft Visual Studio Solution File, Format Version 12.00
# Visual Studio Version 17
VisualStudioVersion = 17.7.34031.279
MinimumVisualStudioVersion = 10.0.40219.1
Project("{FAE04EC0-301F-11D3-BF4B-00C04F79EFBC}") = "Proyecto2TrimestreInterfaces", "Proyecto2TrimestreInterfaces\Proyecto2TrimestreInterfaces.csproj", "{ADEB13AC-EA4B-4FA0-BBE7-B0F1E79BC2C8}"
EndProject
Global
	GlobalSection(SolutionConfigurationPlatforms) = preSolution
		Debug|Any CPU = Debug|Any CPU
		Release|Any CPU = Release|Any CPU
	EndGlobalSection
	GlobalSection(ProjectConfigurationPlatforms) = postSolution
		{ADEB13AC-EA4B-4FA0-BBE7-B0F1E79BC2C8}.Debug|Any CPU.ActiveCfg = Debug|Any CPU
		{ADEB13AC-EA4B-4FA0-BBE7-B0F1E79BC2C8}.Debug|Any CPU.Build.0 = Debug|Any CPU
		{ADEB13AC-EA4B-4FA0-BBE7-B0F1E79BC2C8}.Release|Any CPU.ActiveCfg = Release|Any CPU
		{ADEB13AC-EA4B-4FA0-BBE7-B0F1E79BC2C8}.Release|Any CPU.Build.0 = Release|Any CPU
	EndGlobalSection
	GlobalSection(SolutionProperties) = preSolution
		HideSolutionNode = FALSE
	EndGlobalSection
	GlobalSection(ExtensibilityGlobals) = postSolution
		SolutionGuid = {D0B7C6FE-CC56-44D9-B860-C3C9FAB09D7F}
	EndGlobalSection
EndGlobal
